<?xml version="1.0" encoding="utf-8"?>
<Project ToolsVersion="4.0" xmlns="http://schemas.microsoft.com/developer/msbuild/2003">
  <ItemGroup>
    <Filter Include="Source Files">
      <UniqueIdentifier>{4FC737F1-C7A5-4376-A066-2A32D752A2FF}</UniqueIdentifier>
      <Extensions>cpp;c;cc;cxx;c++;cppm;ixx;def;odl;idl;hpj;bat;asm;asmx</Extensions>
    </Filter>
    <Filter Include="Header Files">
      <UniqueIdentifier>{93995380-89BD-4b04-88EB-625FBE52EBFB}</UniqueIdentifier>
      <Extensions>h;hh;hpp;hxx;h++;hm;inl;inc;ipp;xsd</Extensions>
    </Filter>
    <Filter Include="Resource Files">
      <UniqueIdentifier>{67DA6AB6-F800-4c08-8B7A-83BB121AAD01}</UniqueIdentifier>
      <Extensions>rc;ico;cur;bmp;dlg;rc2;rct;bin;rgs;gif;jpg;jpeg;jpe;resx;tiff;tif;png;wav;mfcribbon-ms</Extensions>
    </Filter>
    <Filter Include="Generated Files">
      <UniqueIdentifier>{91e23c77-3daf-4da6-bcfc-5be19d4d0a37}</UniqueIdentifier>
      <SourceControlFiles>False</SourceControlFiles>
    </Filter>
  </ItemGroup>
  <ItemGroup>
    <ClInclude Include="framework.h">
      <Filter>Header Files</Filter>
    </ClInclude>
    <ClInclude Include="targetver.h">
      <Filter>Header Files</Filter>
    </ClInclude>
    <ClInclude Include="Resource.h">
      <Filter>Header Files</Filter>
    </ClInclude>
    <ClInclude Include="dllmain.h">
      <Filter>Header Files</Filter>
    </ClInclude>
    <ClInclude Include="WindowsShellExtension_i.h">
      <Filter>Generated Files</Filter>
    </ClInclude>
    <ClInclude Include="pch.h">
      <Filter>Header Files</Filter>
    </ClInclude>
    <ClInclude Include="ContextMenuHandler.h">
      <Filter>Header Files</Filter>
    </ClInclude>
    <ClInclude Include="unicode.h">
      <Filter>Header Files</Filter>
    </ClInclude>
    <ClInclude Include="graphics.h">
      <Filter>Header Files</Filter>
    </ClInclude>
    <ClInclude Include="ipc.h">
      <Filter>Header Files</Filter>
    </ClInclude>
    <ClInclude Include="MoveToDriveCommand.h">
      <Filter>Header Files</Filter>
    </ClInclude>
    <ClInclude Include="ShareByUrlCommand.h">
      <Filter>Header Files</Filter>
    </ClInclude>
    <ClInclude Include="ContextMenuCommandBase.h">
      <Filter>Header Files</Filter>
    </ClInclude>
    <ClInclude Include="IpcMessage.h">
      <Filter>Header Files</Filter>
    </ClInclude>
  </ItemGroup>
  <ItemGroup>
    <ClCompile Include="WindowsShellExtension.cpp">
      <Filter>Source Files</Filter>
    </ClCompile>
    <ClCompile Include="dllmain.cpp">
      <Filter>Source Files</Filter>
    </ClCompile>
    <ClCompile Include="WindowsShellExtension_i.c">
      <Filter>Generated Files</Filter>
    </ClCompile>
    <ClCompile Include="pch.cpp">
      <Filter>Source Files</Filter>
    </ClCompile>
    <ClCompile Include="ContextMenuHandler.cpp">
      <Filter>Source Files</Filter>
    </ClCompile>
    <ClCompile Include="unicode.cpp">
      <Filter>Source Files</Filter>
    </ClCompile>
    <ClCompile Include="graphics.cpp">
      <Filter>Source Files</Filter>
    </ClCompile>
    <ClCompile Include="ipc.cpp">
      <Filter>Source Files</Filter>
    </ClCompile>
    <ClCompile Include="MoveToDriveCommand.cpp">
      <Filter>Source Files</Filter>
    </ClCompile>
    <ClCompile Include="ShareByUrlCommand.cpp">
      <Filter>Source Files</Filter>
    </ClCompile>
    <ClCompile Include="ContextMenuCommandBase.cpp">
      <Filter>Source Files</Filter>
    </ClCompile>
  </ItemGroup>
  <ItemGroup>
    <ResourceCompile Include="WindowsShellExtension.rc">
      <Filter>Resource Files</Filter>
    </ResourceCompile>
  </ItemGroup>
  <ItemGroup>
    <None Include="WindowsShellExtension.rgs">
      <Filter>Resource Files</Filter>
    </None>
    <None Include="WindowsShellExtension.def">
      <Filter>Source Files</Filter>
    </None>
    <None Include="ContextMenuHandler.rgs">
      <Filter>Resource Files</Filter>
    </None>
    <None Include="vcpkg.json" />
  </ItemGroup>
  <ItemGroup>
    <Midl Include="WindowsShellExtension.idl">
      <Filter>Source Files</Filter>
    </Midl>
  </ItemGroup>
  <ItemGroup>
    <Image Include="..\..\assets\ProtonDrive.ico">
      <Filter>Resource Files</Filter>
    </Image>
  </ItemGroup>
</Project>